
Microsoft Visual Studio Solution File, Format Version 12.00
# Visual Studio Version 16
VisualStudioVersion = 16.0.30621.155
MinimumVisualStudioVersion = 10.0.40219.1
Project("{FAE04EC0-301F-11D3-BF4B-00C04F79EFBC}") = "ConsoleApp4", "ConsoleApp4.csproj", "{4C40A808-E3DC-4EB3-A130-403C15CE6E2D}"
EndProject
Global
	GlobalSection(SolutionConfigurationPlatforms) = preSolution
		Debug|Any CPU = Debug|Any CPU
		Release|Any CPU = Release|Any CPU
	EndGlobalSection
	GlobalSection(ProjectConfigurationPlatforms) = postSolution
		{4C40A808-E3DC-4EB3-A130-403C15CE6E2D}.Debug|Any CPU.ActiveCfg = Debug|Any CPU
		{4C40A808-E3DC-4EB3-A130-403C15CE6E2D}.Debug|Any CPU.Build.0 = Debug|Any CPU
		{4C40A808-E3DC-4EB3-A130-403C15CE6E2D}.Release|Any CPU.ActiveCfg = Release|Any CPU
		{4C40A808-E3DC-4EB3-A130-403C15CE6E2D}.Release|Any CPU.Build.0 = Release|Any CPU
	EndGlobalSection
	GlobalSection(SolutionProperties) = preSolution
		HideSolutionNode = FALSE
	EndGlobalSection
	GlobalSection(ExtensibilityGlobals) = postSolution
		SolutionGuid = {54709A92-5E36-4F61-9D80-5F6B45BC4391}
	EndGlobalSection
EndGlobal
